
Microsoft Visual Studio Solution File, Format Version 12.00
# Visual Studio Version 16
VisualStudioVersion = 16.0.31025.194
MinimumVisualStudioVersion = 10.0.40219.1
Project("{FAE04EC0-301F-11D3-BF4B-00C04F79EFBC}") = "Exquance", "Exquance\Exquance.csproj", "{5F4B221C-D266-4FF7-9722-8C7925168562}"
EndProject
Global
	GlobalSection(SolutionConfigurationPlatforms) = preSolution
		Debug|Any CPU = Debug|Any CPU
		Release|Any CPU = Release|Any CPU
	EndGlobalSection
	GlobalSection(ProjectConfigurationPlatforms) = postSolution
		{5F4B221C-D266-4FF7-9722-8C7925168562}.Debug|Any CPU.ActiveCfg = Debug|Any CPU
		{5F4B221C-D266-4FF7-9722-8C7925168562}.Debug|Any CPU.Build.0 = Debug|Any CPU
		{5F4B221C-D266-4FF7-9722-8C7925168562}.Release|Any CPU.ActiveCfg = Release|Any CPU
		{5F4B221C-D266-4FF7-9722-8C7925168562}.Release|Any CPU.Build.0 = Release|Any CPU
	EndGlobalSection
	GlobalSection(SolutionProperties) = preSolution
		HideSolutionNode = FALSE
	EndGlobalSection
	GlobalSection(ExtensibilityGlobals) = postSolution
		SolutionGuid = {381FC748-1804-4EC9-903F-4BACD2158A18}
	EndGlobalSection
EndGlobal
